
Microsoft Visual Studio Solution File, Format Version 12.00
# Visual Studio Version 17
VisualStudioVersion = 17.11.35327.3
MinimumVisualStudioVersion = 10.0.40219.1
Project("{8BC9CEB8-8B4A-11D0-8D11-00A0C91BC942}") = "Saver1.2", "Saver1.2.vcxproj", "{3E8CC1BA-0100-4ADC-BAD8-6210354F56A5}"
EndProject
Project("{54435603-DBB4-11D2-8724-00A0C9A8B90C}") = "Saver1.2Rel", "..\Saver1.2Rel\Saver1.2Rel.vdproj", "{58892C0C-3BA1-42DA-BE47-8EA5C12D40F8}"
EndProject
Global
	GlobalSection(SolutionConfigurationPlatforms) = preSolution
		Debug|x64 = Debug|x64
		Debug|x86 = Debug|x86
		Release|x64 = Release|x64
		Release|x86 = Release|x86
	EndGlobalSection
	GlobalSection(ProjectConfigurationPlatforms) = postSolution
		{3E8CC1BA-0100-4ADC-BAD8-6210354F56A5}.Debug|x64.ActiveCfg = Debug|x64
		{3E8CC1BA-0100-4ADC-BAD8-6210354F56A5}.Debug|x64.Build.0 = Debug|x64
		{3E8CC1BA-0100-4ADC-BAD8-6210354F56A5}.Debug|x86.ActiveCfg = Debug|Win32
		{3E8CC1BA-0100-4ADC-BAD8-6210354F56A5}.Debug|x86.Build.0 = Debug|Win32
		{3E8CC1BA-0100-4ADC-BAD8-6210354F56A5}.Release|x64.ActiveCfg = Release|x64
		{3E8CC1BA-0100-4ADC-BAD8-6210354F56A5}.Release|x64.Build.0 = Release|x64
		{3E8CC1BA-0100-4ADC-BAD8-6210354F56A5}.Release|x86.ActiveCfg = Release|Win32
		{3E8CC1BA-0100-4ADC-BAD8-6210354F56A5}.Release|x86.Build.0 = Release|Win32
		{58892C0C-3BA1-42DA-BE47-8EA5C12D40F8}.Debug|x64.ActiveCfg = Debug
		{58892C0C-3BA1-42DA-BE47-8EA5C12D40F8}.Debug|x86.ActiveCfg = Debug
		{58892C0C-3BA1-42DA-BE47-8EA5C12D40F8}.Release|x64.ActiveCfg = Release
		{58892C0C-3BA1-42DA-BE47-8EA5C12D40F8}.Release|x86.ActiveCfg = Release
	EndGlobalSection
	GlobalSection(SolutionProperties) = preSolution
		HideSolutionNode = FALSE
	EndGlobalSection
	GlobalSection(ExtensibilityGlobals) = postSolution
		SolutionGuid = {0C15589E-6904-45CF-9130-C67B9121006F}
	EndGlobalSection
EndGlobal
